
Microsoft Visual Studio Solution File, Format Version 12.00
# Visual Studio Version 16
VisualStudioVersion = 16.0.31112.23
MinimumVisualStudioVersion = 10.0.40219.1
Project("{FAE04EC0-301F-11D3-BF4B-00C04F79EFBC}") = "ShellMarin.Android", "ShellMarin\ShellMarin.Android\ShellMarin.Android.csproj", "{E0F57C2E-27B2-41C6-B20E-A615B428FA8D}"
EndProject
Project("{FAE04EC0-301F-11D3-BF4B-00C04F79EFBC}") = "ShellMarin.iOS", "ShellMarin\ShellMarin.iOS\ShellMarin.iOS.csproj", "{314D9372-AE7E-47BA-9C77-707368C5AF3F}"
EndProject
Project("{FAE04EC0-301F-11D3-BF4B-00C04F79EFBC}") = "ShellMarin", "ShellMarin\ShellMarin\ShellMarin.csproj", "{EBBED322-DF6A-451E-9F9F-BC3850F6E75B}"
EndProject
Global
	GlobalSection(SolutionConfigurationPlatforms) = preSolution
		Debug|Any CPU = Debug|Any CPU
		Debug|iPhone = Debug|iPhone
		Debug|iPhoneSimulator = Debug|iPhoneSimulator
		Release|Any CPU = Release|Any CPU
		Release|iPhone = Release|iPhone
		Release|iPhoneSimulator = Release|iPhoneSimulator
	EndGlobalSection
	GlobalSection(ProjectConfigurationPlatforms) = postSolution
		{E0F57C2E-27B2-41C6-B20E-A615B428FA8D}.Debug|Any CPU.ActiveCfg = Debug|Any CPU
		{E0F57C2E-27B2-41C6-B20E-A615B428FA8D}.Debug|Any CPU.Build.0 = Debug|Any CPU
		{E0F57C2E-27B2-41C6-B20E-A615B428FA8D}.Debug|Any CPU.Deploy.0 = Debug|Any CPU
		{E0F57C2E-27B2-41C6-B20E-A615B428FA8D}.Debug|iPhone.ActiveCfg = Debug|Any CPU
		{E0F57C2E-27B2-41C6-B20E-A615B428FA8D}.Debug|iPhone.Build.0 = Debug|Any CPU
		{E0F57C2E-27B2-41C6-B20E-A615B428FA8D}.Debug|iPhone.Deploy.0 = Debug|Any CPU
		{E0F57C2E-27B2-41C6-B20E-A615B428FA8D}.Debug|iPhoneSimulator.ActiveCfg = Debug|Any CPU
		{E0F57C2E-27B2-41C6-B20E-A615B428FA8D}.Debug|iPhoneSimulator.Build.0 = Debug|Any CPU
		{E0F57C2E-27B2-41C6-B20E-A615B428FA8D}.Debug|iPhoneSimulator.Deploy.0 = Debug|Any CPU
		{E0F57C2E-27B2-41C6-B20E-A615B428FA8D}.Release|Any CPU.ActiveCfg = Release|Any CPU
		{E0F57C2E-27B2-41C6-B20E-A615B428FA8D}.Release|Any CPU.Build.0 = Release|Any CPU
		{E0F57C2E-27B2-41C6-B20E-A615B428FA8D}.Release|Any CPU.Deploy.0 = Release|Any CPU
		{E0F57C2E-27B2-41C6-B20E-A615B428FA8D}.Release|iPhone.ActiveCfg = Release|Any CPU
		{E0F57C2E-27B2-41C6-B20E-A615B428FA8D}.Release|iPhone.Build.0 = Release|Any CPU
		{E0F57C2E-27B2-41C6-B20E-A615B428FA8D}.Release|iPhone.Deploy.0 = Release|Any CPU
		{E0F57C2E-27B2-41C6-B20E-A615B428FA8D}.Release|iPhoneSimulator.ActiveCfg = Release|Any CPU
		{E0F57C2E-27B2-41C6-B20E-A615B428FA8D}.Release|iPhoneSimulator.Build.0 = Release|Any CPU
		{E0F57C2E-27B2-41C6-B20E-A615B428FA8D}.Release|iPhoneSimulator.Deploy.0 = Release|Any CPU
		{314D9372-AE7E-47BA-9C77-707368C5AF3F}.Debug|Any CPU.ActiveCfg = Debug|iPhone
		{314D9372-AE7E-47BA-9C77-707368C5AF3F}.Debug|Any CPU.Build.0 = Debug|iPhone
		{314D9372-AE7E-47BA-9C77-707368C5AF3F}.Debug|Any CPU.Deploy.0 = Debug|iPhone
		{314D9372-AE7E-47BA-9C77-707368C5AF3F}.Debug|iPhone.ActiveCfg = Debug|iPhone
		{314D9372-AE7E-47BA-9C77-707368C5AF3F}.Debug|iPhone.Build.0 = Debug|iPhone
		{314D9372-AE7E-47BA-9C77-707368C5AF3F}.Debug|iPhone.Deploy.0 = Debug|iPhone
		{314D9372-AE7E-47BA-9C77-707368C5AF3F}.Debug|iPhoneSimulator.ActiveCfg = Debug|iPhoneSimulator
		{314D9372-AE7E-47BA-9C77-707368C5AF3F}.Debug|iPhoneSimulator.Build.0 = Debug|iPhoneSimulator
		{314D9372-AE7E-47BA-9C77-707368C5AF3F}.Debug|iPhoneSimulator.Deploy.0 = Debug|iPhoneSimulator
		{314D9372-AE7E-47BA-9C77-707368C5AF3F}.Release|Any CPU.ActiveCfg = Release|iPhoneSimulator
		{314D9372-AE7E-47BA-9C77-707368C5AF3F}.Release|Any CPU.Build.0 = Release|iPhoneSimulator
		{314D9372-AE7E-47BA-9C77-707368C5AF3F}.Release|Any CPU.Deploy.0 = Release|iPhoneSimulator
		{314D9372-AE7E-47BA-9C77-707368C5AF3F}.Release|iPhone.ActiveCfg = Release|iPhone
		{314D9372-AE7E-47BA-9C77-707368C5AF3F}.Release|iPhone.Build.0 = Release|iPhone
		{314D9372-AE7E-47BA-9C77-707368C5AF3F}.Release|iPhone.Deploy.0 = Release|iPhone
		{314D9372-AE7E-47BA-9C77-707368C5AF3F}.Release|iPhoneSimulator.ActiveCfg = Release|iPhoneSimulator
		{314D9372-AE7E-47BA-9C77-707368C5AF3F}.Release|iPhoneSimulator.Build.0 = Release|iPhoneSimulator
		{314D9372-AE7E-47BA-9C77-707368C5AF3F}.Release|iPhoneSimulator.Deploy.0 = Release|iPhoneSimulator
		{EBBED322-DF6A-451E-9F9F-BC3850F6E75B}.Debug|Any CPU.ActiveCfg = Debug|Any CPU
		{EBBED322-DF6A-451E-9F9F-BC3850F6E75B}.Debug|Any CPU.Build.0 = Debug|Any CPU
		{EBBED322-DF6A-451E-9F9F-BC3850F6E75B}.Debug|Any CPU.Deploy.0 = Debug|Any CPU
		{EBBED322-DF6A-451E-9F9F-BC3850F6E75B}.Debug|iPhone.ActiveCfg = Debug|Any CPU
		{EBBED322-DF6A-451E-9F9F-BC3850F6E75B}.Debug|iPhone.Build.0 = Debug|Any CPU
		{EBBED322-DF6A-451E-9F9F-BC3850F6E75B}.Debug|iPhone.Deploy.0 = Debug|Any CPU
		{EBBED322-DF6A-451E-9F9F-BC3850F6E75B}.Debug|iPhoneSimulator.ActiveCfg = Debug|Any CPU
		{EBBED322-DF6A-451E-9F9F-BC3850F6E75B}.Debug|iPhoneSimulator.Build.0 = Debug|Any CPU
		{EBBED322-DF6A-451E-9F9F-BC3850F6E75B}.Debug|iPhoneSimulator.Deploy.0 = Debug|Any CPU
		{EBBED322-DF6A-451E-9F9F-BC3850F6E75B}.Release|Any CPU.ActiveCfg = Release|Any CPU
		{EBBED322-DF6A-451E-9F9F-BC3850F6E75B}.Release|Any CPU.Build.0 = Release|Any CPU
		{EBBED322-DF6A-451E-9F9F-BC3850F6E75B}.Release|Any CPU.Deploy.0 = Release|Any CPU
		{EBBED322-DF6A-451E-9F9F-BC3850F6E75B}.Release|iPhone.ActiveCfg = Release|Any CPU
		{EBBED322-DF6A-451E-9F9F-BC3850F6E75B}.Release|iPhone.Build.0 = Release|Any CPU
		{EBBED322-DF6A-451E-9F9F-BC3850F6E75B}.Release|iPhone.Deploy.0 = Release|Any CPU
		{EBBED322-DF6A-451E-9F9F-BC3850F6E75B}.Release|iPhoneSimulator.ActiveCfg = Release|Any CPU
		{EBBED322-DF6A-451E-9F9F-BC3850F6E75B}.Release|iPhoneSimulator.Build.0 = Release|Any CPU
		{EBBED322-DF6A-451E-9F9F-BC3850F6E75B}.Release|iPhoneSimulator.Deploy.0 = Release|Any CPU
	EndGlobalSection
	GlobalSection(SolutionProperties) = preSolution
		HideSolutionNode = FALSE
	EndGlobalSection
	GlobalSection(ExtensibilityGlobals) = postSolution
		SolutionGuid = {3BE6F632-B988-48F9-B07F-A2067DB11417}
	EndGlobalSection
EndGlobal
